
Microsoft Visual Studio Solution File, Format Version 12.00
# Visual Studio Version 16
VisualStudioVersion = 16.0.29613.14
MinimumVisualStudioVersion = 10.0.40219.1
Project("{9A19103F-16F7-4668-BE54-9A1E7A4F7556}") = "Basic.Information", "First\Basic.Information.csproj", "{3BED8194-1F6A-4DE6-A35F-204A6A757655}"
EndProject
Global
	GlobalSection(SolutionConfigurationPlatforms) = preSolution
		Debug|Any CPU = Debug|Any CPU
		Release|Any CPU = Release|Any CPU
	EndGlobalSection
	GlobalSection(ProjectConfigurationPlatforms) = postSolution
		{3BED8194-1F6A-4DE6-A35F-204A6A757655}.Debug|Any CPU.ActiveCfg = Debug|Any CPU
		{3BED8194-1F6A-4DE6-A35F-204A6A757655}.Debug|Any CPU.Build.0 = Debug|Any CPU
		{3BED8194-1F6A-4DE6-A35F-204A6A757655}.Release|Any CPU.ActiveCfg = Release|Any CPU
		{3BED8194-1F6A-4DE6-A35F-204A6A757655}.Release|Any CPU.Build.0 = Release|Any CPU
	EndGlobalSection
	GlobalSection(SolutionProperties) = preSolution
		HideSolutionNode = FALSE
	EndGlobalSection
	GlobalSection(ExtensibilityGlobals) = postSolution
		SolutionGuid = {0719B4F2-5EF4-4D34-9BDF-FA54084EDAFB}
	EndGlobalSection
EndGlobal
